{
  "name": "blog-api",
  "version": "1.0.0",
  "lockfileVersion": 3,
  "requires": true,
  "packages": {
    "": {
      "name": "blog-api",
      "version": "1.0.0",
      "license": "ISC",
      "workspaces": [
        "packages/backend",
        "packages/frontend-view",
        "packages/frontend-edit"
      ]
    },
    "node_modules/@srj-blog-api/backend": {
      "resolved": "packages/backend",
      "link": true
    },
    "node_modules/@srj-blog-api/frontend-edit": {
      "resolved": "packages/frontend-edit",
      "link": true
    },
    "node_modules/@srj-blog-api/frontend-view": {
      "resolved": "packages/frontend-view",
      "link": true
    },
    "node_modules/dotenv": {
      "version": "16.5.0",
      "resolved": "https://registry.npmjs.org/dotenv/-/dotenv-16.5.0.tgz",
      "integrity": "sha512-m/C+AwOAr9/W1UOIZUo232ejMNnJAJtYQjUbHoNTBNTJSvqzzDh7vnrei3o3r3m9blf6ZoDkvcw0VmozNRFJxg==",
      "license": "BSD-2-Clause",
      "engines": {
        "node": ">=12"
      },
      "funding": {
        "url": "https://dotenvx.com"
      }
    },
    "packages/backend": {
      "name": "@srj-blog-api/backend",
      "version": "1.0.0",
      "license": "ISC",
      "dependencies": {
        "dotenv": "^16.5.0"
      }
    },
    "packages/frontend-edit": {
      "name": "@srj-blog-api/frontend-edit",
      "version": "1.0.0",
      "license": "ISC",
      "devDependencies": {}
    },
    "packages/frontend-view": {
      "name": "@srj-blog-api/frontend-view",
      "version": "1.0.0",
      "license": "ISC",
      "devDependencies": {}
    }
  }
}
